
Microsoft Visual Studio Solution File, Format Version 12.00
# Visual Studio 15
VisualStudioVersion = 15.0.28010.2003
MinimumVisualStudioVersion = 10.0.40219.1
Project("{8BC9CEB8-8B4A-11D0-8D11-00A0C91BC942}") = "HelloWorld", "HelloWorld.vcxproj", "{02CA0610-B575-4298-939D-5FB6468D48FE}"
EndProject
Global
	GlobalSection(SolutionConfigurationPlatforms) = preSolution
		Debug|x64 = Debug|x64
		Debug|x86 = Debug|x86
		Release|x64 = Release|x64
		Release|x86 = Release|x86
	EndGlobalSection
	GlobalSection(ProjectConfigurationPlatforms) = postSolution
		{02CA0610-B575-4298-939D-5FB6468D48FE}.Debug|x64.ActiveCfg = Debug|x64
		{02CA0610-B575-4298-939D-5FB6468D48FE}.Debug|x64.Build.0 = Debug|x64
		{02CA0610-B575-4298-939D-5FB6468D48FE}.Debug|x86.ActiveCfg = Debug|Win32
		{02CA0610-B575-4298-939D-5FB6468D48FE}.Debug|x86.Build.0 = Debug|Win32
		{02CA0610-B575-4298-939D-5FB6468D48FE}.Release|x64.ActiveCfg = Release|x64
		{02CA0610-B575-4298-939D-5FB6468D48FE}.Release|x64.Build.0 = Release|x64
		{02CA0610-B575-4298-939D-5FB6468D48FE}.Release|x86.ActiveCfg = Release|Win32
		{02CA0610-B575-4298-939D-5FB6468D48FE}.Release|x86.Build.0 = Release|Win32
	EndGlobalSection
	GlobalSection(SolutionProperties) = preSolution
		HideSolutionNode = FALSE
	EndGlobalSection
	GlobalSection(ExtensibilityGlobals) = postSolution
		SolutionGuid = {AF660A8B-1291-4B50-A32E-67573E98932C}
	EndGlobalSection
EndGlobal
